
Microsoft Visual Studio Solution File, Format Version 12.00
# Visual Studio Version 17
VisualStudioVersion = 17.14.36623.8
MinimumVisualStudioVersion = 10.0.40219.1
Project("{FAE04EC0-301F-11D3-BF4B-00C04F79EFBC}") = "story_brook_api", "story_brook_api.csproj", "{595B1346-1E2F-435C-AA50-043194CD0685}"
EndProject
Global
	GlobalSection(SolutionConfigurationPlatforms) = preSolution
		Debug|Any CPU = Debug|Any CPU
		Release|Any CPU = Release|Any CPU
	EndGlobalSection
	GlobalSection(ProjectConfigurationPlatforms) = postSolution
		{595B1346-1E2F-435C-AA50-043194CD0685}.Debug|Any CPU.ActiveCfg = Debug|Any CPU
		{595B1346-1E2F-435C-AA50-043194CD0685}.Debug|Any CPU.Build.0 = Debug|Any CPU
		{595B1346-1E2F-435C-AA50-043194CD0685}.Release|Any CPU.ActiveCfg = Release|Any CPU
		{595B1346-1E2F-435C-AA50-043194CD0685}.Release|Any CPU.Build.0 = Release|Any CPU
	EndGlobalSection
	GlobalSection(SolutionProperties) = preSolution
		HideSolutionNode = FALSE
	EndGlobalSection
	GlobalSection(ExtensibilityGlobals) = postSolution
		SolutionGuid = {32BC42AD-9328-4C94-9BD7-CF92B8A83DDC}
	EndGlobalSection
EndGlobal
